
Microsoft Visual Studio Solution File, Format Version 12.00
# Visual Studio 2012
Project("{FAE04EC0-301F-11D3-BF4B-00C04F79EFBC}") = "Colors", "Colors\Colors.csproj", "{11FFDFCC-05A9-4BFE-A746-E09B565B781C}"
EndProject
Global
	GlobalSection(SolutionConfigurationPlatforms) = preSolution
		Debug|Any CPU = Debug|Any CPU
		Release|Any CPU = Release|Any CPU
	EndGlobalSection
	GlobalSection(ProjectConfigurationPlatforms) = postSolution
		{11FFDFCC-05A9-4BFE-A746-E09B565B781C}.Debug|Any CPU.ActiveCfg = Debug|Any CPU
		{11FFDFCC-05A9-4BFE-A746-E09B565B781C}.Debug|Any CPU.Build.0 = Debug|Any CPU
		{11FFDFCC-05A9-4BFE-A746-E09B565B781C}.Release|Any CPU.ActiveCfg = Release|Any CPU
		{11FFDFCC-05A9-4BFE-A746-E09B565B781C}.Release|Any CPU.Build.0 = Release|Any CPU
	EndGlobalSection
	GlobalSection(SolutionProperties) = preSolution
		HideSolutionNode = FALSE
	EndGlobalSection
EndGlobal
